
Microsoft Visual Studio Solution File, Format Version 12.00
# Visual Studio Version 16
VisualStudioVersion = 16.0.30204.135
MinimumVisualStudioVersion = 10.0.40219.1
Project("{FAE04EC0-301F-11D3-BF4B-00C04F79EFBC}") = "MS_DescargaDeCanciones", "MS_DescargaDeCanciones\MS_DescargaDeCanciones.csproj", "{826D7B7F-2912-4031-8CBB-FB0B8C26D9F6}"
EndProject
Global
	GlobalSection(SolutionConfigurationPlatforms) = preSolution
		Debug|Any CPU = Debug|Any CPU
		Release|Any CPU = Release|Any CPU
	EndGlobalSection
	GlobalSection(ProjectConfigurationPlatforms) = postSolution
		{826D7B7F-2912-4031-8CBB-FB0B8C26D9F6}.Debug|Any CPU.ActiveCfg = Debug|Any CPU
		{826D7B7F-2912-4031-8CBB-FB0B8C26D9F6}.Debug|Any CPU.Build.0 = Debug|Any CPU
		{826D7B7F-2912-4031-8CBB-FB0B8C26D9F6}.Release|Any CPU.ActiveCfg = Release|Any CPU
		{826D7B7F-2912-4031-8CBB-FB0B8C26D9F6}.Release|Any CPU.Build.0 = Release|Any CPU
	EndGlobalSection
	GlobalSection(SolutionProperties) = preSolution
		HideSolutionNode = FALSE
	EndGlobalSection
	GlobalSection(ExtensibilityGlobals) = postSolution
		SolutionGuid = {09F6D233-1C40-4D14-B33F-4117B20665F7}
	EndGlobalSection
EndGlobal
