
Microsoft Visual Studio Solution File, Format Version 12.00
# Visual Studio Version 16
VisualStudioVersion = 16.0.30204.135
MinimumVisualStudioVersion = 10.0.40219.1
Project("{FAE04EC0-301F-11D3-BF4B-00C04F79EFBC}") = "MS_Artista", "MS_Artista\MS_Artista.csproj", "{CC0026CB-3E8E-48BC-A9B6-5337FBCD1ED0}"
EndProject
Global
	GlobalSection(SolutionConfigurationPlatforms) = preSolution
		Debug|Any CPU = Debug|Any CPU
		Release|Any CPU = Release|Any CPU
	EndGlobalSection
	GlobalSection(ProjectConfigurationPlatforms) = postSolution
		{CC0026CB-3E8E-48BC-A9B6-5337FBCD1ED0}.Debug|Any CPU.ActiveCfg = Debug|Any CPU
		{CC0026CB-3E8E-48BC-A9B6-5337FBCD1ED0}.Debug|Any CPU.Build.0 = Debug|Any CPU
		{CC0026CB-3E8E-48BC-A9B6-5337FBCD1ED0}.Release|Any CPU.ActiveCfg = Release|Any CPU
		{CC0026CB-3E8E-48BC-A9B6-5337FBCD1ED0}.Release|Any CPU.Build.0 = Release|Any CPU
	EndGlobalSection
	GlobalSection(SolutionProperties) = preSolution
		HideSolutionNode = FALSE
	EndGlobalSection
	GlobalSection(ExtensibilityGlobals) = postSolution
		SolutionGuid = {C41611DA-64A0-4E5E-9B61-AF59F6AC99A2}
	EndGlobalSection
EndGlobal
