
Microsoft Visual Studio Solution File, Format Version 12.00
# Visual Studio Version 16
VisualStudioVersion = 16.0.30225.117
MinimumVisualStudioVersion = 10.0.40219.1
Project("{FAE04EC0-301F-11D3-BF4B-00C04F79EFBC}") = "StreamusicClientAndroid", "StreamusicClientAndroid\StreamusicClientAndroid.csproj", "{269A597D-B648-4FCC-8B8B-B84F37B3E29E}"
EndProject
Project("{9A19103F-16F7-4668-BE54-9A1E7A4F7556}") = "Logica", "LogicaDeNegocio\Logica.csproj", "{A07BBAA4-A80F-4653-B2C3-2ED0C7BC3FE3}"
EndProject
Global
	GlobalSection(SolutionConfigurationPlatforms) = preSolution
		Debug|Any CPU = Debug|Any CPU
		Release|Any CPU = Release|Any CPU
	EndGlobalSection
	GlobalSection(ProjectConfigurationPlatforms) = postSolution
		{269A597D-B648-4FCC-8B8B-B84F37B3E29E}.Debug|Any CPU.ActiveCfg = Debug|Any CPU
		{269A597D-B648-4FCC-8B8B-B84F37B3E29E}.Debug|Any CPU.Build.0 = Debug|Any CPU
		{269A597D-B648-4FCC-8B8B-B84F37B3E29E}.Debug|Any CPU.Deploy.0 = Debug|Any CPU
		{269A597D-B648-4FCC-8B8B-B84F37B3E29E}.Release|Any CPU.ActiveCfg = Release|Any CPU
		{269A597D-B648-4FCC-8B8B-B84F37B3E29E}.Release|Any CPU.Build.0 = Release|Any CPU
		{269A597D-B648-4FCC-8B8B-B84F37B3E29E}.Release|Any CPU.Deploy.0 = Release|Any CPU
		{A07BBAA4-A80F-4653-B2C3-2ED0C7BC3FE3}.Debug|Any CPU.ActiveCfg = Debug|Any CPU
		{A07BBAA4-A80F-4653-B2C3-2ED0C7BC3FE3}.Debug|Any CPU.Build.0 = Debug|Any CPU
		{A07BBAA4-A80F-4653-B2C3-2ED0C7BC3FE3}.Release|Any CPU.ActiveCfg = Release|Any CPU
		{A07BBAA4-A80F-4653-B2C3-2ED0C7BC3FE3}.Release|Any CPU.Build.0 = Release|Any CPU
	EndGlobalSection
	GlobalSection(SolutionProperties) = preSolution
		HideSolutionNode = FALSE
	EndGlobalSection
	GlobalSection(ExtensibilityGlobals) = postSolution
		SolutionGuid = {AA23676E-3454-4CA9-8698-1895556EA7E6}
	EndGlobalSection
EndGlobal
