
Microsoft Visual Studio Solution File, Format Version 12.00
# Visual Studio Version 16
VisualStudioVersion = 16.0.30104.148
MinimumVisualStudioVersion = 10.0.40219.1
Project("{FAE04EC0-301F-11D3-BF4B-00C04F79EFBC}") = "API_Usuario", "API_Usuario\API_Usuario.csproj", "{B3FB8460-B83E-40B5-AC9B-B9DB979F7038}"
EndProject
Global
	GlobalSection(SolutionConfigurationPlatforms) = preSolution
		Debug|Any CPU = Debug|Any CPU
		Release|Any CPU = Release|Any CPU
	EndGlobalSection
	GlobalSection(ProjectConfigurationPlatforms) = postSolution
		{B3FB8460-B83E-40B5-AC9B-B9DB979F7038}.Debug|Any CPU.ActiveCfg = Debug|Any CPU
		{B3FB8460-B83E-40B5-AC9B-B9DB979F7038}.Debug|Any CPU.Build.0 = Debug|Any CPU
		{B3FB8460-B83E-40B5-AC9B-B9DB979F7038}.Release|Any CPU.ActiveCfg = Release|Any CPU
		{B3FB8460-B83E-40B5-AC9B-B9DB979F7038}.Release|Any CPU.Build.0 = Release|Any CPU
	EndGlobalSection
	GlobalSection(SolutionProperties) = preSolution
		HideSolutionNode = FALSE
	EndGlobalSection
	GlobalSection(ExtensibilityGlobals) = postSolution
		SolutionGuid = {FEF7CD02-BC58-4AF2-974B-5AD93B6E3826}
	EndGlobalSection
EndGlobal
